
Microsoft Visual Studio Solution File, Format Version 12.00
# Visual Studio Version 17
VisualStudioVersion = 17.5.33516.290
MinimumVisualStudioVersion = 10.0.40219.1
Project("{FAE04EC0-301F-11D3-BF4B-00C04F79EFBC}") = "lab6", "lab6.csproj", "{D9DE1974-BC87-476B-A0C0-B5073CA57900}"
EndProject
Global
	GlobalSection(SolutionConfigurationPlatforms) = preSolution
		Debug|Any CPU = Debug|Any CPU
		Release|Any CPU = Release|Any CPU
	EndGlobalSection
	GlobalSection(ProjectConfigurationPlatforms) = postSolution
		{D9DE1974-BC87-476B-A0C0-B5073CA57900}.Debug|Any CPU.ActiveCfg = Debug|Any CPU
		{D9DE1974-BC87-476B-A0C0-B5073CA57900}.Debug|Any CPU.Build.0 = Debug|Any CPU
		{D9DE1974-BC87-476B-A0C0-B5073CA57900}.Release|Any CPU.ActiveCfg = Release|Any CPU
		{D9DE1974-BC87-476B-A0C0-B5073CA57900}.Release|Any CPU.Build.0 = Release|Any CPU
	EndGlobalSection
	GlobalSection(SolutionProperties) = preSolution
		HideSolutionNode = FALSE
	EndGlobalSection
	GlobalSection(ExtensibilityGlobals) = postSolution
		SolutionGuid = {819B5580-D5E4-4297-B395-688018F3DB9E}
	EndGlobalSection
EndGlobal
